// !$*UTF8*$!
{
	archiveVersion = 1;
	classes = {
	};
	objectVersion = 46;
	objects = {

/* Begin PBXBuildFile section */
		AEEC6D281B4D1F6E0004F4D4 /* main.m in Sources */ = {isa = PBXBuildFile; fileRef = AEEC6D271B4D1F6E0004F4D4 /* main.m */; };
		AEEC6D2B1B4D1F6E0004F4D4 /* AppDelegate.m in Sources */ = {isa = PBXBuildFile; fileRef = AEEC6D2A1B4D1F6E0004F4D4 /* AppDelegate.m */; };
		AEEC6D331B4D1F6E0004F4D4 /* Images.xcassets in Resources */ = {isa = PBXBuildFile; fileRef = AEEC6D321B4D1F6E0004F4D4 /* Images.xcassets */; };
		AEEC6D361B4D1F6E0004F4D4 /* LaunchScreen.xib in Resources */ = {isa = PBXBuildFile; fileRef = AEEC6D341B4D1F6E0004F4D4 /* LaunchScreen.xib */; };
		AEEC6D4E1B4D1FC80004F4D4 /* NavDropDownMenu.m in Sources */ = {isa = PBXBuildFile; fileRef = AEEC6D4D1B4D1FC80004F4D4 /* NavDropDownMenu.m */; };
		AEEC6D511B4D1FF60004F4D4 /* MainViewController.m in Sources */ = {isa = PBXBuildFile; fileRef = AEEC6D501B4D1FF60004F4D4 /* MainViewController.m */; };
		AEEC6D571B4D20190004F4D4 /* MenuTableViewController.m in Sources */ = {isa = PBXBuildFile; fileRef = AEEC6D561B4D20190004F4D4 /* MenuTableViewController.m */; };
/* End PBXBuildFile section */

/* Begin PBXFileReference section */
		AEEC6D221B4D1F6E0004F4D4 /* NavDropDownMenuDemo.app */ = {isa = PBXFileReference; explicitFileType = wrapper.application; includeInIndex = 0; path = NavDropDownMenuDemo.app; sourceTree = BUILT_PRODUCTS_DIR; };
		AEEC6D261B4D1F6E0004F4D4 /* Info.plist */ = {isa = PBXFileReference; lastKnownFileType = text.plist.xml; path = Info.plist; sourceTree = "<group>"; };
		AEEC6D271B4D1F6E0004F4D4 /* main.m */ = {isa = PBXFileReference; lastKnownFileType = sourcecode.c.objc; path = main.m; sourceTree = "<group>"; };
		AEEC6D291B4D1F6E0004F4D4 /* AppDelegate.h */ = {isa = PBXFileReference; lastKnownFileType = sourcecode.c.h; path = AppDelegate.h; sourceTree = "<group>"; };
		AEEC6D2A1B4D1F6E0004F4D4 /* AppDelegate.m */ = {isa = PBXFileReference; lastKnownFileType = sourcecode.c.objc; path = AppDelegate.m; sourceTree = "<group>"; };
		AEEC6D321B4D1F6E0004F4D4 /* Images.xcassets */ = {isa = PBXFileReference; lastKnownFileType = folder.assetcatalog; path = Images.xcassets; sourceTree = "<group>"; };
		AEEC6D351B4D1F6E0004F4D4 /* Base */ = {isa = PBXFileReference; lastKnownFileType = file.xib; name = Base; path = Base.lproj/LaunchScreen.xib; sourceTree = "<group>"; };
		AEEC6D4C1B4D1FC80004F4D4 /* NavDropDownMenu.h */ = {isa = PBXFileReference; fileEncoding = 4; lastKnownFileType = sourcecode.c.h; path = NavDropDownMenu.h; sourceTree = "<group>"; };
		AEEC6D4D1B4D1FC80004F4D4 /* NavDropDownMenu.m */ = {isa = PBXFileReference; fileEncoding = 4; lastKnownFileType = sourcecode.c.objc; path = NavDropDownMenu.m; sourceTree = "<group>"; };
		AEEC6D4F1B4D1FF60004F4D4 /* MainViewController.h */ = {isa = PBXFileReference; fileEncoding = 4; lastKnownFileType = sourcecode.c.h; path = MainViewController.h; sourceTree = "<group>"; };
		AEEC6D501B4D1FF60004F4D4 /* MainViewController.m */ = {isa = PBXFileReference; fileEncoding = 4; lastKnownFileType = sourcecode.c.objc; path = MainViewController.m; sourceTree = "<group>"; };
		AEEC6D551B4D20190004F4D4 /* MenuTableViewController.h */ = {isa = PBXFileReference; fileEncoding = 4; lastKnownFileType = sourcecode.c.h; path = MenuTableViewController.h; sourceTree = "<group>"; };
		AEEC6D561B4D20190004F4D4 /* MenuTableViewController.m */ = {isa = PBXFileReference; fileEncoding = 4; lastKnownFileType = sourcecode.c.objc; path = MenuTableViewController.m; sourceTree = "<group>"; };
/* End PBXFileReference section */

/* Begin PBXFrameworksBuildPhase section */
		AEEC6D1F1B4D1F6E0004F4D4 /* Frameworks */ = {
			isa = PBXFrameworksBuildPhase;
			buildActionMask = 2147483647;
			files = (
			);
			runOnlyForDeploymentPostprocessing = 0;
		};
/* End PBXFrameworksBuildPhase section */

/* Begin PBXGroup section */
		AEEC6D191B4D1F6E0004F4D4 = {
			isa = PBXGroup;
			children = (
				AEEC6D241B4D1F6E0004F4D4 /* NavDropDownMenuDemo */,
				AEEC6D231B4D1F6E0004F4D4 /* Products */,
			);
			sourceTree = "<group>";
		};
		AEEC6D231B4D1F6E0004F4D4 /* Products */ = {
			isa = PBXGroup;
			children = (
				AEEC6D221B4D1F6E0004F4D4 /* NavDropDownMenuDemo.app */,
			);
			name = Products;
			sourceTree = "<group>";
		};
		AEEC6D241B4D1F6E0004F4D4 /* NavDropDownMenuDemo */ = {
			isa = PBXGroup;
			children = (
				AEEC6D4B1B4D1FC80004F4D4 /* NavDropDownMenu */,
				AEEC6D291B4D1F6E0004F4D4 /* AppDelegate.h */,
				AEEC6D2A1B4D1F6E0004F4D4 /* AppDelegate.m */,
				AEEC6D4F1B4D1FF60004F4D4 /* MainViewController.h */,
				AEEC6D501B4D1FF60004F4D4 /* MainViewController.m */,
				AEEC6D551B4D20190004F4D4 /* MenuTableViewController.h */,
				AEEC6D561B4D20190004F4D4 /* MenuTableViewController.m */,
				AEEC6D321B4D1F6E0004F4D4 /* Images.xcassets */,
				AEEC6D341B4D1F6E0004F4D4 /* LaunchScreen.xib */,
				AEEC6D251B4D1F6E0004F4D4 /* Supporting Files */,
			);
			path = NavDropDownMenuDemo;
			sourceTree = "<group>";
		};
		AEEC6D251B4D1F6E0004F4D4 /* Supporting Files */ = {
			isa = PBXGroup;
			children = (
				AEEC6D261B4D1F6E0004F4D4 /* Info.plist */,
				AEEC6D271B4D1F6E0004F4D4 /* main.m */,
			);
			name = "Supporting Files";
			sourceTree = "<group>";
		};
		AEEC6D4B1B4D1FC80004F4D4 /* NavDropDownMenu */ = {
			isa = PBXGroup;
			children = (
				AEEC6D4C1B4D1FC80004F4D4 /* NavDropDownMenu.h */,
				AEEC6D4D1B4D1FC80004F4D4 /* NavDropDownMenu.m */,
			);
			path = NavDropDownMenu;
			sourceTree = "<group>";
		};
/* End PBXGroup section */

/* Begin PBXNativeTarget section */
		AEEC6D211B4D1F6E0004F4D4 /* NavDropDownMenuDemo */ = {
			isa = PBXNativeTarget;
			buildConfigurationList = AEEC6D451B4D1F6E0004F4D4 /* Build configuration list for PBXNativeTarget "NavDropDownMenuDemo" */;
			buildPhases = (
				AEEC6D1E1B4D1F6E0004F4D4 /* Sources */,
				AEEC6D1F1B4D1F6E0004F4D4 /* Frameworks */,
				AEEC6D201B4D1F6E0004F4D4 /* Resources */,
			);
			buildRules = (
			);
			dependencies = (
			);
			name = NavDropDownMenuDemo;
			productName = NavDropDownMenuDemo;
			productReference = AEEC6D221B4D1F6E0004F4D4 /* NavDropDownMenuDemo.app */;
			productType = "com.apple.product-type.application";
		};
/* End PBXNativeTarget section */

/* Begin PBXProject section */
		AEEC6D1A1B4D1F6E0004F4D4 /* Project object */ = {
			isa = PBXProject;
			attributes = {
				LastUpgradeCheck = 0640;
				ORGANIZATIONNAME = Yun;
				TargetAttributes = {
					AEEC6D211B4D1F6E0004F4D4 = {
						CreatedOnToolsVersion = 6.4;
					};
				};
			};
			buildConfigurationList = AEEC6D1D1B4D1F6E0004F4D4 /* Build configuration list for PBXProject "NavDropDownMenuDemo" */;
			compatibilityVersion = "Xcode 3.2";
			developmentRegion = English;
			hasScannedForEncodings = 0;
			knownRegions = (
				en,
				Base,
			);
			mainGroup = AEEC6D191B4D1F6E0004F4D4;
			productRefGroup = AEEC6D231B4D1F6E0004F4D4 /* Products */;
			projectDirPath = "";
			projectRoot = "";
			targets = (
				AEEC6D211B4D1F6E0004F4D4 /* NavDropDownMenuDemo */,
			);
		};
/* End PBXProject section */

/* Begin PBXResourcesBuildPhase section */
		AEEC6D201B4D1F6E0004F4D4 /* Resources */ = {
			isa = PBXResourcesBuildPhase;
			buildActionMask = 2147483647;
			files = (
				AEEC6D361B4D1F6E0004F4D4 /* LaunchScreen.xib in Resources */,
				AEEC6D331B4D1F6E0004F4D4 /* Images.xcassets in Resources */,
			);
			runOnlyForDeploymentPostprocessing = 0;
		};
/* End PBXResourcesBuildPhase section */

/* Begin PBXSourcesBuildPhase section */
		AEEC6D1E1B4D1F6E0004F4D4 /* Sources */ = {
			isa = PBXSourcesBuildPhase;
			buildActionMask = 2147483647;
			files = (
				AEEC6D2B1B4D1F6E0004F4D4 /* AppDelegate.m in Sources */,
				AEEC6D281B4D1F6E0004F4D4 /* main.m in Sources */,
				AEEC6D4E1B4D1FC80004F4D4 /* NavDropDownMenu.m in Sources */,
				AEEC6D511B4D1FF60004F4D4 /* MainViewController.m in Sources */,
				AEEC6D571B4D20190004F4D4 /* MenuTableViewController.m in Sources */,
			);
			runOnlyForDeploymentPostprocessing = 0;
		};
/* End PBXSourcesBuildPhase section */

/* Begin PBXVariantGroup section */
		AEEC6D341B4D1F6E0004F4D4 /* LaunchScreen.xib */ = {
			isa = PBXVariantGroup;
			children = (
				AEEC6D351B4D1F6E0004F4D4 /* Base */,
			);
			name = LaunchScreen.xib;
			sourceTree = "<group>";
		};
/* End PBXVariantGroup section */

/* Begin XCBuildConfiguration section */
		AEEC6D431B4D1F6E0004F4D4 /* Debug */ = {
			isa = XCBuildConfiguration;
			buildSettings = {
				ALWAYS_SEARCH_USER_PATHS = NO;
				CLANG_CXX_LANGUAGE_STANDARD = "gnu++0x";
				CLANG_CXX_LIBRARY = "libc++";
				CLANG_ENABLE_MODULES = YES;
				CLANG_ENABLE_OBJC_ARC = YES;
				CLANG_WARN_BOOL_CONVERSION = YES;
				CLANG_WARN_CONSTANT_CONVERSION = YES;
				CLANG_WARN_DIRECT_OBJC_ISA_USAGE = YES_ERROR;
				CLANG_WARN_EMPTY_BODY = YES;
				CLANG_WARN_ENUM_CONVERSION = YES;
				CLANG_WARN_INT_CONVERSION = YES;
				CLANG_WARN_OBJC_ROOT_CLASS = YES_ERROR;
				CLANG_WARN_UNREACHABLE_CODE = YES;
				CLANG_WARN__DUPLICATE_METHOD_MATCH = YES;
				"CODE_SIGN_IDENTITY[sdk=iphoneos*]" = "iPhone Developer";
				COPY_PHASE_STRIP = NO;
				DEBUG_INFORMATION_FORMAT = "dwarf-with-dsym";
				ENABLE_STRICT_OBJC_MSGSEND = YES;
				GCC_C_LANGUAGE_STANDARD = gnu99;
				GCC_DYNAMIC_NO_PIC = NO;
				GCC_NO_COMMON_BLOCKS = YES;
				GCC_OPTIMIZATION_LEVEL = 0;
				GCC_PREPROCESSOR_DEFINITIONS = (
					"DEBUG=1",
					"$(inherited)",
				);
				GCC_SYMBOLS_PRIVATE_EXTERN = NO;
				GCC_WARN_64_TO_32_BIT_CONVERSION = YES;
				GCC_WARN_ABOUT_RETURN_TYPE = YES_ERROR;
				GCC_WARN_UNDECLARED_SELECTOR = YES;
				GCC_WARN_UNINITIALIZED_AUTOS = YES_AGGRESSIVE;
				GCC_WARN_UNUSED_FUNCTION = YES;
				GCC_WARN_UNUSED_VARIABLE = YES;
				IPHONEOS_DEPLOYMENT_TARGET = 7.0;
				MTL_ENABLE_DEBUG_INFO = YES;
				ONLY_ACTIVE_ARCH = YES;
				SDKROOT = iphoneos;
			};
			name = Debug;
		};
		AEEC6D441B4D1F6E0004F4D4 /* Release */ = {
			isa = XCBuildConfiguration;
			buildSettings = {
				ALWAYS_SEARCH_USER_PATHS = NO;
				CLANG_CXX_LANGUAGE_STANDARD = "gnu++0x";
				CLANG_CXX_LIBRARY = "libc++";
				CLANG_ENABLE_MODULES = YES;
				CLANG_ENABLE_OBJC_ARC = YES;
				CLANG_WARN_BOOL_CONVERSION = YES;
				CLANG_WARN_CONSTANT_CONVERSION = YES;
				CLANG_WARN_DIRECT_OBJC_ISA_USAGE = YES_ERROR;
				CLANG_WARN_EMPTY_BODY = YES;
				CLANG_WARN_ENUM_CONVERSION = YES;
				CLANG_WARN_INT_CONVERSION = YES;
				CLANG_WARN_OBJC_ROOT_CLASS = YES_ERROR;
				CLANG_WARN_UNREACHABLE_CODE = YES;
				CLANG_WARN__DUPLICATE_METHOD_MATCH = YES;
				"CODE_SIGN_IDENTITY[sdk=iphoneos*]" = "iPhone Developer";
				COPY_PHASE_STRIP = NO;
				DEBUG_INFORMATION_FORMAT = "dwarf-with-dsym";
				ENABLE_NS_ASSERTIONS = NO;
				ENABLE_STRICT_OBJC_MSGSEND = YES;
				GCC_C_LANGUAGE_STANDARD = gnu99;
				GCC_NO_COMMON_BLOCKS = YES;
				GCC_WARN_64_TO_32_BIT_CONVERSION = YES;
				GCC_WARN_ABOUT_RETURN_TYPE = YES_ERROR;
				GCC_WARN_UNDECLARED_SELECTOR = YES;
				GCC_WARN_UNINITIALIZED_AUTOS = YES_AGGRESSIVE;
				GCC_WARN_UNUSED_FUNCTION = YES;
				GCC_WARN_UNUSED_VARIABLE = YES;
				IPHONEOS_DEPLOYMENT_TARGET = 7.0;
				MTL_ENABLE_DEBUG_INFO = NO;
				SDKROOT = iphoneos;
				VALIDATE_PRODUCT = YES;
			};
			name = Release;
		};
		AEEC6D461B4D1F6E0004F4D4 /* Debug */ = {
			isa = XCBuildConfiguration;
			buildSettings = {
				ASSETCATALOG_COMPILER_APPICON_NAME = AppIcon;
				ASSETCATALOG_COMPILER_LAUNCHIMAGE_NAME = LaunchImage;
				INFOPLIST_FILE = NavDropDownMenuDemo/Info.plist;
				IPHONEOS_DEPLOYMENT_TARGET = 7.0;
				LD_RUNPATH_SEARCH_PATHS = "$(inherited) @executable_path/Frameworks";
				PRODUCT_NAME = "$(TARGET_NAME)";
			};
			name = Debug;
		};
		AEEC6D471B4D1F6E0004F4D4 /* Release */ = {
			isa = XCBuildConfiguration;
			buildSettings = {
				ASSETCATALOG_COMPILER_APPICON_NAME = AppIcon;
				ASSETCATALOG_COMPILER_LAUNCHIMAGE_NAME = LaunchImage;
				INFOPLIST_FILE = NavDropDownMenuDemo/Info.plist;
				IPHONEOS_DEPLOYMENT_TARGET = 7.0;
				LD_RUNPATH_SEARCH_PATHS = "$(inherited) @executable_path/Frameworks";
				PRODUCT_NAME = "$(TARGET_NAME)";
			};
			name = Release;
		};
/* End XCBuildConfiguration section */

/* Begin XCConfigurationList section */
		AEEC6D1D1B4D1F6E0004F4D4 /* Build configuration list for PBXProject "NavDropDownMenuDemo" */ = {
			isa = XCConfigurationList;
			buildConfigurations = (
				AEEC6D431B4D1F6E0004F4D4 /* Debug */,
				AEEC6D441B4D1F6E0004F4D4 /* Release */,
			);
			defaultConfigurationIsVisible = 0;
			defaultConfigurationName = Release;
		};
		AEEC6D451B4D1F6E0004F4D4 /* Build configuration list for PBXNativeTarget "NavDropDownMenuDemo" */ = {
			isa = XCConfigurationList;
			buildConfigurations = (
				AEEC6D461B4D1F6E0004F4D4 /* Debug */,
				AEEC6D471B4D1F6E0004F4D4 /* Release */,
			);
			defaultConfigurationIsVisible = 0;
		};
/* End XCConfigurationList section */
	};
	rootObject = AEEC6D1A1B4D1F6E0004F4D4 /* Project object */;
}
